{
  "version": 4,
  "terraform_version": "1.9.1",
  "serial": 1,
  "lineage": "dcb8c46e-9881-96bd-e313-41909870bffc",
  "outputs": {},
  "resources": [
    {
      "mode": "managed",
      "type": "spotify_playlist",
      "name": "Bollywood",
      "provider": "provider[\"registry.terraform.io/conradludgate/spotify\"]",
      "instances": [
        {
          "schema_version": 0,
          "attributes": {
            "description": null,
            "id": "0fQ9cdoKDQEUhlgUIwZnJi",
            "name": "Bollywood",
            "public": true,
            "snapshot_id": "AAAAAjNjhtsTiZPm+uu8h/YMIccso4u2",
            "tracks": [
              "0ByMNEPAPpOR5H69DVrTNy"
            ]
          },
          "sensitive_attributes": [],
          "private": "bnVsbA=="
        }
      ]
    }
  ],
  "check_results": null
}
